// !$*UTF8*$!
{
	archiveVersion = 1;
	classes = {
	};
	objectVersion = 77;
	objects = {

/* Begin PBXContainerItemProxy section */
		074F731B2EADDA1700A3D0CE /* PBXContainerItemProxy */ = {
			isa = PBXContainerItemProxy;
			containerPortal = 074F73052EADDA1400A3D0CE /* Project object */;
			proxyType = 1;
			remoteGlobalIDString = 074F730C2EADDA1400A3D0CE;
			remoteInfo = Hard_Memo;
		};
		074F73252EADDA1700A3D0CE /* PBXContainerItemProxy */ = {
			isa = PBXContainerItemProxy;
			containerPortal = 074F73052EADDA1400A3D0CE /* Project object */;
			proxyType = 1;
			remoteGlobalIDString = 074F730C2EADDA1400A3D0CE;
			remoteInfo = Hard_Memo;
		};
/* End PBXContainerItemProxy section */

/* Begin PBXFileReference section */
		074F730D2EADDA1400A3D0CE /* Hard_Memo.app */ = {isa = PBXFileReference; explicitFileType = wrapper.application; includeInIndex = 0; path = Hard_Memo.app; sourceTree = BUILT_PRODUCTS_DIR; };
		074F731A2EADDA1700A3D0CE /* Hard_MemoTests.xctest */ = {isa = PBXFileReference; explicitFileType = wrapper.cfbundle; includeInIndex = 0; path = Hard_MemoTests.xctest; sourceTree = BUILT_PRODUCTS_DIR; };
		074F73242EADDA1700A3D0CE /* Hard_MemoUITests.xctest */ = {isa = PBXFileReference; explicitFileType = wrapper.cfbundle; includeInIndex = 0; path = Hard_MemoUITests.xctest; sourceTree = BUILT_PRODUCTS_DIR; };
/* End PBXFileReference section */

/* Begin PBXFileSystemSynchronizedRootGroup section */
		074F730F2EADDA1400A3D0CE /* Hard_Memo */ = {
			isa = PBXFileSystemSynchronizedRootGroup;
			path = Hard_Memo;
			sourceTree = "<group>";
		};
		074F731D2EADDA1700A3D0CE /* Hard_MemoTests */ = {
			isa = PBXFileSystemSynchronizedRootGroup;
			path = Hard_MemoTests;
			sourceTree = "<group>";
		};
		074F73272EADDA1700A3D0CE /* Hard_MemoUITests */ = {
			isa = PBXFileSystemSynchronizedRootGroup;
			path = Hard_MemoUITests;
			sourceTree = "<group>";
		};
/* End PBXFileSystemSynchronizedRootGroup section */

/* Begin PBXFrameworksBuildPhase section */
		074F730A2EADDA1400A3D0CE /* Frameworks */ = {
			isa = PBXFrameworksBuildPhase;
			buildActionMask = 2147483647;
			files = (
			);
			runOnlyForDeploymentPostprocessing = 0;
		};
		074F73172EADDA1700A3D0CE /* Frameworks */ = {
			isa = PBXFrameworksBuildPhase;
			buildActionMask = 2147483647;
			files = (
			);
			runOnlyForDeploymentPostprocessing = 0;
		};
		074F73212EADDA1700A3D0CE /* Frameworks */ = {
			isa = PBXFrameworksBuildPhase;
			buildActionMask = 2147483647;
			files = (
			);
			runOnlyForDeploymentPostprocessing = 0;
		};
/* End PBXFrameworksBuildPhase section */

/* Begin PBXGroup section */
		074F73042EADDA1400A3D0CE = {
			isa = PBXGroup;
			children = (
				074F730F2EADDA1400A3D0CE /* Hard_Memo */,
				074F731D2EADDA1700A3D0CE /* Hard_MemoTests */,
				074F73272EADDA1700A3D0CE /* Hard_MemoUITests */,
				074F730E2EADDA1400A3D0CE /* Products */,
			);
			sourceTree = "<group>";
		};
		074F730E2EADDA1400A3D0CE /* Products */ = {
			isa = PBXGroup;
			children = (
				074F730D2EADDA1400A3D0CE /* Hard_Memo.app */,
				074F731A2EADDA1700A3D0CE /* Hard_MemoTests.xctest */,
				074F73242EADDA1700A3D0CE /* Hard_MemoUITests.xctest */,
			);
			name = Products;
			sourceTree = "<group>";
		};
/* End PBXGroup section */

/* Begin PBXNativeTarget section */
		074F730C2EADDA1400A3D0CE /* Hard_Memo */ = {
			isa = PBXNativeTarget;
			buildConfigurationList = 074F732E2EADDA1700A3D0CE /* Build configuration list for PBXNativeTarget "Hard_Memo" */;
			buildPhases = (
				074F73092EADDA1400A3D0CE /* Sources */,
				074F730A2EADDA1400A3D0CE /* Frameworks */,
				074F730B2EADDA1400A3D0CE /* Resources */,
			);
			buildRules = (
			);
			dependencies = (
			);
			fileSystemSynchronizedGroups = (
				074F730F2EADDA1400A3D0CE /* Hard_Memo */,
			);
			name = Hard_Memo;
			packageProductDependencies = (
			);
			productName = Hard_Memo;
			productReference = 074F730D2EADDA1400A3D0CE /* Hard_Memo.app */;
			productType = "com.apple.product-type.application";
		};
		074F73192EADDA1700A3D0CE /* Hard_MemoTests */ = {
			isa = PBXNativeTarget;
			buildConfigurationList = 074F73312EADDA1700A3D0CE /* Build configuration list for PBXNativeTarget "Hard_MemoTests" */;
			buildPhases = (
				074F73162EADDA1700A3D0CE /* Sources */,
				074F73172EADDA1700A3D0CE /* Frameworks */,
				074F73182EADDA1700A3D0CE /* Resources */,
			);
			buildRules = (
			);
			dependencies = (
				074F731C2EADDA1700A3D0CE /* PBXTargetDependency */,
			);
			fileSystemSynchronizedGroups = (
				074F731D2EADDA1700A3D0CE /* Hard_MemoTests */,
			);
			name = Hard_MemoTests;
			packageProductDependencies = (
			);
			productName = Hard_MemoTests;
			productReference = 074F731A2EADDA1700A3D0CE /* Hard_MemoTests.xctest */;
			productType = "com.apple.product-type.bundle.unit-test";
		};
		074F73232EADDA1700A3D0CE /* Hard_MemoUITests */ = {
			isa = PBXNativeTarget;
			buildConfigurationList = 074F73342EADDA1700A3D0CE /* Build configuration list for PBXNativeTarget "Hard_MemoUITests" */;
			buildPhases = (
				074F73202EADDA1700A3D0CE /* Sources */,
				074F73212EADDA1700A3D0CE /* Frameworks */,
				074F73222EADDA1700A3D0CE /* Resources */,
			);
			buildRules = (
			);
			dependencies = (
				074F73262EADDA1700A3D0CE /* PBXTargetDependency */,
			);
			fileSystemSynchronizedGroups = (
				074F73272EADDA1700A3D0CE /* Hard_MemoUITests */,
			);
			name = Hard_MemoUITests;
			packageProductDependencies = (
			);
			productName = Hard_MemoUITests;
			productReference = 074F73242EADDA1700A3D0CE /* Hard_MemoUITests.xctest */;
			productType = "com.apple.product-type.bundle.ui-testing";
		};
/* End PBXNativeTarget section */

/* Begin PBXProject section */
		074F73052EADDA1400A3D0CE /* Project object */ = {
			isa = PBXProject;
			attributes = {
				BuildIndependentTargetsInParallel = 1;
				LastSwiftUpdateCheck = 1640;
				LastUpgradeCheck = 1640;
				TargetAttributes = {
					074F730C2EADDA1400A3D0CE = {
						CreatedOnToolsVersion = 16.4;
					};
					074F73192EADDA1700A3D0CE = {
						CreatedOnToolsVersion = 16.4;
						TestTargetID = 074F730C2EADDA1400A3D0CE;
					};
					074F73232EADDA1700A3D0CE = {
						CreatedOnToolsVersion = 16.4;
						TestTargetID = 074F730C2EADDA1400A3D0CE;
					};
				};
			};
			buildConfigurationList = 074F73082EADDA1400A3D0CE /* Build configuration list for PBXProject "Hard_Memo" */;
			developmentRegion = en;
			hasScannedForEncodings = 0;
			knownRegions = (
				en,
				Base,
			);
			mainGroup = 074F73042EADDA1400A3D0CE;
			minimizedProjectReferenceProxies = 1;
			preferredProjectObjectVersion = 77;
			productRefGroup = 074F730E2EADDA1400A3D0CE /* Products */;
			projectDirPath = "";
			projectRoot = "";
			targets = (
				074F730C2EADDA1400A3D0CE /* Hard_Memo */,
				074F73192EADDA1700A3D0CE /* Hard_MemoTests */,
				074F73232EADDA1700A3D0CE /* Hard_MemoUITests */,
			);
		};
/* End PBXProject section */

/* Begin PBXResourcesBuildPhase section */
		074F730B2EADDA1400A3D0CE /* Resources */ = {
			isa = PBXResourcesBuildPhase;
			buildActionMask = 2147483647;
			files = (
			);
			runOnlyForDeploymentPostprocessing = 0;
		};
		074F73182EADDA1700A3D0CE /* Resources */ = {
			isa = PBXResourcesBuildPhase;
			buildActionMask = 2147483647;
			files = (
			);
			runOnlyForDeploymentPostprocessing = 0;
		};
		074F73222EADDA1700A3D0CE /* Resources */ = {
			isa = PBXResourcesBuildPhase;
			buildActionMask = 2147483647;
			files = (
			);
			runOnlyForDeploymentPostprocessing = 0;
		};
/* End PBXResourcesBuildPhase section */

/* Begin PBXSourcesBuildPhase section */
		074F73092EADDA1400A3D0CE /* Sources */ = {
			isa = PBXSourcesBuildPhase;
			buildActionMask = 2147483647;
			files = (
			);
			runOnlyForDeploymentPostprocessing = 0;
		};
		074F73162EADDA1700A3D0CE /* Sources */ = {
			isa = PBXSourcesBuildPhase;
			buildActionMask = 2147483647;
			files = (
			);
			runOnlyForDeploymentPostprocessing = 0;
		};
		074F73202EADDA1700A3D0CE /* Sources */ = {
			isa = PBXSourcesBuildPhase;
			buildActionMask = 2147483647;
			files = (
			);
			runOnlyForDeploymentPostprocessing = 0;
		};
/* End PBXSourcesBuildPhase section */

/* Begin PBXTargetDependency section */
		074F731C2EADDA1700A3D0CE /* PBXTargetDependency */ = {
			isa = PBXTargetDependency;
			target = 074F730C2EADDA1400A3D0CE /* Hard_Memo */;
			targetProxy = 074F731B2EADDA1700A3D0CE /* PBXContainerItemProxy */;
		};
		074F73262EADDA1700A3D0CE /* PBXTargetDependency */ = {
			isa = PBXTargetDependency;
			target = 074F730C2EADDA1400A3D0CE /* Hard_Memo */;
			targetProxy = 074F73252EADDA1700A3D0CE /* PBXContainerItemProxy */;
		};
/* End PBXTargetDependency section */

/* Begin XCBuildConfiguration section */
		074F732C2EADDA1700A3D0CE /* Debug */ = {
			isa = XCBuildConfiguration;
			buildSettings = {
				ALWAYS_SEARCH_USER_PATHS = NO;
				ASSETCATALOG_COMPILER_GENERATE_SWIFT_ASSET_SYMBOL_EXTENSIONS = YES;
				CLANG_ANALYZER_NONNULL = YES;
				CLANG_ANALYZER_NUMBER_OBJECT_CONVERSION = YES_AGGRESSIVE;
				CLANG_CXX_LANGUAGE_STANDARD = "gnu++20";
				CLANG_ENABLE_MODULES = YES;
				CLANG_ENABLE_OBJC_ARC = YES;
				CLANG_ENABLE_OBJC_WEAK = YES;
				CLANG_WARN_BLOCK_CAPTURE_AUTORELEASING = YES;
				CLANG_WARN_BOOL_CONVERSION = YES;
				CLANG_WARN_COMMA = YES;
				CLANG_WARN_CONSTANT_CONVERSION = YES;
				CLANG_WARN_DEPRECATED_OBJC_IMPLEMENTATIONS = YES;
				CLANG_WARN_DIRECT_OBJC_ISA_USAGE = YES_ERROR;
				CLANG_WARN_DOCUMENTATION_COMMENTS = YES;
				CLANG_WARN_EMPTY_BODY = YES;
				CLANG_WARN_ENUM_CONVERSION = YES;
				CLANG_WARN_INFINITE_RECURSION = YES;
				CLANG_WARN_INT_CONVERSION = YES;
				CLANG_WARN_NON_LITERAL_NULL_CONVERSION = YES;
				CLANG_WARN_OBJC_IMPLICIT_RETAIN_SELF = YES;
				CLANG_WARN_OBJC_LITERAL_CONVERSION = YES;
				CLANG_WARN_OBJC_ROOT_CLASS = YES_ERROR;
				CLANG_WARN_QUOTED_INCLUDE_IN_FRAMEWORK_HEADER = YES;
				CLANG_WARN_RANGE_LOOP_ANALYSIS = YES;
				CLANG_WARN_STRICT_PROTOTYPES = YES;
				CLANG_WARN_SUSPICIOUS_MOVE = YES;
				CLANG_WARN_UNGUARDED_AVAILABILITY = YES_AGGRESSIVE;
				CLANG_WARN_UNREACHABLE_CODE = YES;
				CLANG_WARN__DUPLICATE_METHOD_MATCH = YES;
				COPY_PHASE_STRIP = NO;
				DEBUG_INFORMATION_FORMAT = dwarf;
				DEVELOPMENT_TEAM = 6BM3L49F73;
				ENABLE_STRICT_OBJC_MSGSEND = YES;
				ENABLE_TESTABILITY = YES;
				ENABLE_USER_SCRIPT_SANDBOXING = YES;
				GCC_C_LANGUAGE_STANDARD = gnu17;
				GCC_DYNAMIC_NO_PIC = NO;
				GCC_NO_COMMON_BLOCKS = YES;
				GCC_OPTIMIZATION_LEVEL = 0;
				GCC_PREPROCESSOR_DEFINITIONS = (
					"DEBUG=1",
					"$(inherited)",
				);
				GCC_WARN_64_TO_32_BIT_CONVERSION = YES;
				GCC_WARN_ABOUT_RETURN_TYPE = YES_ERROR;
				GCC_WARN_UNDECLARED_SELECTOR = YES;
				GCC_WARN_UNINITIALIZED_AUTOS = YES_AGGRESSIVE;
				GCC_WARN_UNUSED_FUNCTION = YES;
				GCC_WARN_UNUSED_VARIABLE = YES;
				IPHONEOS_DEPLOYMENT_TARGET = 18.5;
				LOCALIZATION_PREFERS_STRING_CATALOGS = YES;
				MTL_ENABLE_DEBUG_INFO = INCLUDE_SOURCE;
				MTL_FAST_MATH = YES;
				ONLY_ACTIVE_ARCH = YES;
				SDKROOT = iphoneos;
				SWIFT_ACTIVE_COMPILATION_CONDITIONS = "DEBUG $(inherited)";
				SWIFT_OPTIMIZATION_LEVEL = "-Onone";
			};
			name = Debug;
		};
		074F732D2EADDA1700A3D0CE /* Release */ = {
			isa = XCBuildConfiguration;
			buildSettings = {
				ALWAYS_SEARCH_USER_PATHS = NO;
				ASSETCATALOG_COMPILER_GENERATE_SWIFT_ASSET_SYMBOL_EXTENSIONS = YES;
				CLANG_ANALYZER_NONNULL = YES;
				CLANG_ANALYZER_NUMBER_OBJECT_CONVERSION = YES_AGGRESSIVE;
				CLANG_CXX_LANGUAGE_STANDARD = "gnu++20";
				CLANG_ENABLE_MODULES = YES;
				CLANG_ENABLE_OBJC_ARC = YES;
				CLANG_ENABLE_OBJC_WEAK = YES;
				CLANG_WARN_BLOCK_CAPTURE_AUTORELEASING = YES;
				CLANG_WARN_BOOL_CONVERSION = YES;
				CLANG_WARN_COMMA = YES;
				CLANG_WARN_CONSTANT_CONVERSION = YES;
				CLANG_WARN_DEPRECATED_OBJC_IMPLEMENTATIONS = YES;
				CLANG_WARN_DIRECT_OBJC_ISA_USAGE = YES_ERROR;
				CLANG_WARN_DOCUMENTATION_COMMENTS = YES;
				CLANG_WARN_EMPTY_BODY = YES;
				CLANG_WARN_ENUM_CONVERSION = YES;
				CLANG_WARN_INFINITE_RECURSION = YES;
				CLANG_WARN_INT_CONVERSION = YES;
				CLANG_WARN_NON_LITERAL_NULL_CONVERSION = YES;
				CLANG_WARN_OBJC_IMPLICIT_RETAIN_SELF = YES;
				CLANG_WARN_OBJC_LITERAL_CONVERSION = YES;
				CLANG_WARN_OBJC_ROOT_CLASS = YES_ERROR;
				CLANG_WARN_QUOTED_INCLUDE_IN_FRAMEWORK_HEADER = YES;
				CLANG_WARN_RANGE_LOOP_ANALYSIS = YES;
				CLANG_WARN_STRICT_PROTOTYPES = YES;
				CLANG_WARN_SUSPICIOUS_MOVE = YES;
				CLANG_WARN_UNGUARDED_AVAILABILITY = YES_AGGRESSIVE;
				CLANG_WARN_UNREACHABLE_CODE = YES;
				CLANG_WARN__DUPLICATE_METHOD_MATCH = YES;
				COPY_PHASE_STRIP = NO;
				DEBUG_INFORMATION_FORMAT = "dwarf-with-dsym";
				DEVELOPMENT_TEAM = 6BM3L49F73;
				ENABLE_NS_ASSERTIONS = NO;
				ENABLE_STRICT_OBJC_MSGSEND = YES;
				ENABLE_USER_SCRIPT_SANDBOXING = YES;
				GCC_C_LANGUAGE_STANDARD = gnu17;
				GCC_NO_COMMON_BLOCKS = YES;
				GCC_WARN_64_TO_32_BIT_CONVERSION = YES;
				GCC_WARN_ABOUT_RETURN_TYPE = YES_ERROR;
				GCC_WARN_UNDECLARED_SELECTOR = YES;
				GCC_WARN_UNINITIALIZED_AUTOS = YES_AGGRESSIVE;
				GCC_WARN_UNUSED_FUNCTION = YES;
				GCC_WARN_UNUSED_VARIABLE = YES;
				IPHONEOS_DEPLOYMENT_TARGET = 18.5;
				LOCALIZATION_PREFERS_STRING_CATALOGS = YES;
				MTL_ENABLE_DEBUG_INFO = NO;
				MTL_FAST_MATH = YES;
				SDKROOT = iphoneos;
				SWIFT_COMPILATION_MODE = wholemodule;
				VALIDATE_PRODUCT = YES;
			};
			name = Release;
		};
		074F732F2EADDA1700A3D0CE /* Debug */ = {
			isa = XCBuildConfiguration;
			buildSettings = {
				ASSETCATALOG_COMPILER_APPICON_NAME = AppIcon;
				ASSETCATALOG_COMPILER_GLOBAL_ACCENT_COLOR_NAME = AccentColor;
				CODE_SIGN_STYLE = Automatic;
				CURRENT_PROJECT_VERSION = 1;
				DEVELOPMENT_TEAM = 6BM3L49F73;
				ENABLE_PREVIEWS = YES;
				GENERATE_INFOPLIST_FILE = YES;
				INFOPLIST_KEY_UIApplicationSceneManifest_Generation = YES;
				INFOPLIST_KEY_UIApplicationSupportsIndirectInputEvents = YES;
				INFOPLIST_KEY_UILaunchScreen_Generation = YES;
				INFOPLIST_KEY_UISupportedInterfaceOrientations_iPad = "UIInterfaceOrientationPortrait UIInterfaceOrientationPortraitUpsideDown UIInterfaceOrientationLandscapeLeft UIInterfaceOrientationLandscapeRight";
				INFOPLIST_KEY_UISupportedInterfaceOrientations_iPhone = "UIInterfaceOrientationPortrait UIInterfaceOrientationLandscapeLeft UIInterfaceOrientationLandscapeRight";
				LD_RUNPATH_SEARCH_PATHS = (
					"$(inherited)",
					"@executable_path/Frameworks",
				);
				MARKETING_VERSION = 1.0;
				PRODUCT_BUNDLE_IDENTIFIER = "com.uniwiz.Hard-Memo";
				PRODUCT_NAME = "$(TARGET_NAME)";
				SWIFT_EMIT_LOC_STRINGS = YES;
				SWIFT_VERSION = 5.0;
				TARGETED_DEVICE_FAMILY = "1,2";
			};
			name = Debug;
		};
		074F73302EADDA1700A3D0CE /* Release */ = {
			isa = XCBuildConfiguration;
			buildSettings = {
				ASSETCATALOG_COMPILER_APPICON_NAME = AppIcon;
				ASSETCATALOG_COMPILER_GLOBAL_ACCENT_COLOR_NAME = AccentColor;
				CODE_SIGN_STYLE = Automatic;
				CURRENT_PROJECT_VERSION = 1;
				DEVELOPMENT_TEAM = 6BM3L49F73;
				ENABLE_PREVIEWS = YES;
				GENERATE_INFOPLIST_FILE = YES;
				INFOPLIST_KEY_UIApplicationSceneManifest_Generation = YES;
				INFOPLIST_KEY_UIApplicationSupportsIndirectInputEvents = YES;
				INFOPLIST_KEY_UILaunchScreen_Generation = YES;
				INFOPLIST_KEY_UISupportedInterfaceOrientations_iPad = "UIInterfaceOrientationPortrait UIInterfaceOrientationPortraitUpsideDown UIInterfaceOrientationLandscapeLeft UIInterfaceOrientationLandscapeRight";
				INFOPLIST_KEY_UISupportedInterfaceOrientations_iPhone = "UIInterfaceOrientationPortrait UIInterfaceOrientationLandscapeLeft UIInterfaceOrientationLandscapeRight";
				LD_RUNPATH_SEARCH_PATHS = (
					"$(inherited)",
					"@executable_path/Frameworks",
				);
				MARKETING_VERSION = 1.0;
				PRODUCT_BUNDLE_IDENTIFIER = "com.uniwiz.Hard-Memo";
				PRODUCT_NAME = "$(TARGET_NAME)";
				SWIFT_EMIT_LOC_STRINGS = YES;
				SWIFT_VERSION = 5.0;
				TARGETED_DEVICE_FAMILY = "1,2";
			};
			name = Release;
		};
		074F73322EADDA1700A3D0CE /* Debug */ = {
			isa = XCBuildConfiguration;
			buildSettings = {
				BUNDLE_LOADER = "$(TEST_HOST)";
				CODE_SIGN_STYLE = Automatic;
				CURRENT_PROJECT_VERSION = 1;
				DEVELOPMENT_TEAM = 6BM3L49F73;
				GENERATE_INFOPLIST_FILE = YES;
				IPHONEOS_DEPLOYMENT_TARGET = 18.5;
				MARKETING_VERSION = 1.0;
				PRODUCT_BUNDLE_IDENTIFIER = "com.uniwiz.Hard-MemoTests";
				PRODUCT_NAME = "$(TARGET_NAME)";
				SWIFT_EMIT_LOC_STRINGS = NO;
				SWIFT_VERSION = 5.0;
				TARGETED_DEVICE_FAMILY = "1,2";
				TEST_HOST = "$(BUILT_PRODUCTS_DIR)/Hard_Memo.app/$(BUNDLE_EXECUTABLE_FOLDER_PATH)/Hard_Memo";
			};
			name = Debug;
		};
		074F73332EADDA1700A3D0CE /* Release */ = {
			isa = XCBuildConfiguration;
			buildSettings = {
				BUNDLE_LOADER = "$(TEST_HOST)";
				CODE_SIGN_STYLE = Automatic;
				CURRENT_PROJECT_VERSION = 1;
				DEVELOPMENT_TEAM = 6BM3L49F73;
				GENERATE_INFOPLIST_FILE = YES;
				IPHONEOS_DEPLOYMENT_TARGET = 18.5;
				MARKETING_VERSION = 1.0;
				PRODUCT_BUNDLE_IDENTIFIER = "com.uniwiz.Hard-MemoTests";
				PRODUCT_NAME = "$(TARGET_NAME)";
				SWIFT_EMIT_LOC_STRINGS = NO;
				SWIFT_VERSION = 5.0;
				TARGETED_DEVICE_FAMILY = "1,2";
				TEST_HOST = "$(BUILT_PRODUCTS_DIR)/Hard_Memo.app/$(BUNDLE_EXECUTABLE_FOLDER_PATH)/Hard_Memo";
			};
			name = Release;
		};
		074F73352EADDA1700A3D0CE /* Debug */ = {
			isa = XCBuildConfiguration;
			buildSettings = {
				CODE_SIGN_STYLE = Automatic;
				CURRENT_PROJECT_VERSION = 1;
				DEVELOPMENT_TEAM = 6BM3L49F73;
				GENERATE_INFOPLIST_FILE = YES;
				MARKETING_VERSION = 1.0;
				PRODUCT_BUNDLE_IDENTIFIER = "com.uniwiz.Hard-MemoUITests";
				PRODUCT_NAME = "$(TARGET_NAME)";
				SWIFT_EMIT_LOC_STRINGS = NO;
				SWIFT_VERSION = 5.0;
				TARGETED_DEVICE_FAMILY = "1,2";
				TEST_TARGET_NAME = Hard_Memo;
			};
			name = Debug;
		};
		074F73362EADDA1700A3D0CE /* Release */ = {
			isa = XCBuildConfiguration;
			buildSettings = {
				CODE_SIGN_STYLE = Automatic;
				CURRENT_PROJECT_VERSION = 1;
				DEVELOPMENT_TEAM = 6BM3L49F73;
				GENERATE_INFOPLIST_FILE = YES;
				MARKETING_VERSION = 1.0;
				PRODUCT_BUNDLE_IDENTIFIER = "com.uniwiz.Hard-MemoUITests";
				PRODUCT_NAME = "$(TARGET_NAME)";
				SWIFT_EMIT_LOC_STRINGS = NO;
				SWIFT_VERSION = 5.0;
				TARGETED_DEVICE_FAMILY = "1,2";
				TEST_TARGET_NAME = Hard_Memo;
			};
			name = Release;
		};
/* End XCBuildConfiguration section */

/* Begin XCConfigurationList section */
		074F73082EADDA1400A3D0CE /* Build configuration list for PBXProject "Hard_Memo" */ = {
			isa = XCConfigurationList;
			buildConfigurations = (
				074F732C2EADDA1700A3D0CE /* Debug */,
				074F732D2EADDA1700A3D0CE /* Release */,
			);
			defaultConfigurationIsVisible = 0;
			defaultConfigurationName = Release;
		};
		074F732E2EADDA1700A3D0CE /* Build configuration list for PBXNativeTarget "Hard_Memo" */ = {
			isa = XCConfigurationList;
			buildConfigurations = (
				074F732F2EADDA1700A3D0CE /* Debug */,
				074F73302EADDA1700A3D0CE /* Release */,
			);
			defaultConfigurationIsVisible = 0;
			defaultConfigurationName = Release;
		};
		074F73312EADDA1700A3D0CE /* Build configuration list for PBXNativeTarget "Hard_MemoTests" */ = {
			isa = XCConfigurationList;
			buildConfigurations = (
				074F73322EADDA1700A3D0CE /* Debug */,
				074F73332EADDA1700A3D0CE /* Release */,
			);
			defaultConfigurationIsVisible = 0;
			defaultConfigurationName = Release;
		};
		074F73342EADDA1700A3D0CE /* Build configuration list for PBXNativeTarget "Hard_MemoUITests" */ = {
			isa = XCConfigurationList;
			buildConfigurations = (
				074F73352EADDA1700A3D0CE /* Debug */,
				074F73362EADDA1700A3D0CE /* Release */,
			);
			defaultConfigurationIsVisible = 0;
			defaultConfigurationName = Release;
		};
/* End XCConfigurationList section */
	};
	rootObject = 074F73052EADDA1400A3D0CE /* Project object */;
}
